
Microsoft Visual Studio Solution File, Format Version 12.00
# Visual Studio Version 17
VisualStudioVersion = 17.6.33815.320
MinimumVisualStudioVersion = 10.0.40219.1
Project("{FAE04EC0-301F-11D3-BF4B-00C04F79EFBC}") = "FreelanceWebSite", "FreelanceWebSite\FreelanceWebSite.csproj", "{7C9E2913-1E91-4ACB-BF95-B0EA6C8C1E65}"
EndProject
Global
	GlobalSection(SolutionConfigurationPlatforms) = preSolution
		Debug|Any CPU = Debug|Any CPU
		Release|Any CPU = Release|Any CPU
	EndGlobalSection
	GlobalSection(ProjectConfigurationPlatforms) = postSolution
		{7C9E2913-1E91-4ACB-BF95-B0EA6C8C1E65}.Debug|Any CPU.ActiveCfg = Debug|Any CPU
		{7C9E2913-1E91-4ACB-BF95-B0EA6C8C1E65}.Debug|Any CPU.Build.0 = Debug|Any CPU
		{7C9E2913-1E91-4ACB-BF95-B0EA6C8C1E65}.Release|Any CPU.ActiveCfg = Release|Any CPU
		{7C9E2913-1E91-4ACB-BF95-B0EA6C8C1E65}.Release|Any CPU.Build.0 = Release|Any CPU
	EndGlobalSection
	GlobalSection(SolutionProperties) = preSolution
		HideSolutionNode = FALSE
	EndGlobalSection
	GlobalSection(ExtensibilityGlobals) = postSolution
		SolutionGuid = {D116717A-A112-4CA0-BFA2-865DCA30E021}
	EndGlobalSection
EndGlobal
